
Microsoft Visual Studio Solution File, Format Version 12.00
# Visual Studio Version 17
VisualStudioVersion = 17.6.33723.286
MinimumVisualStudioVersion = 10.0.40219.1
Project("{FAE04EC0-301F-11D3-BF4B-00C04F79EFBC}") = "LocalizationAPI", "LocalizationAPI\LocalizationAPI.csproj", "{9EAE1DE4-A881-4D43-A00E-1CE405F488D2}"
EndProject
Global
	GlobalSection(SolutionConfigurationPlatforms) = preSolution
		Debug|Any CPU = Debug|Any CPU
		Release|Any CPU = Release|Any CPU
	EndGlobalSection
	GlobalSection(ProjectConfigurationPlatforms) = postSolution
		{9EAE1DE4-A881-4D43-A00E-1CE405F488D2}.Debug|Any CPU.ActiveCfg = Debug|Any CPU
		{9EAE1DE4-A881-4D43-A00E-1CE405F488D2}.Debug|Any CPU.Build.0 = Debug|Any CPU
		{9EAE1DE4-A881-4D43-A00E-1CE405F488D2}.Release|Any CPU.ActiveCfg = Release|Any CPU
		{9EAE1DE4-A881-4D43-A00E-1CE405F488D2}.Release|Any CPU.Build.0 = Release|Any CPU
	EndGlobalSection
	GlobalSection(SolutionProperties) = preSolution
		HideSolutionNode = FALSE
	EndGlobalSection
	GlobalSection(ExtensibilityGlobals) = postSolution
		SolutionGuid = {D37EE050-F7D2-437B-B3A2-09DBBD8FC1B0}
	EndGlobalSection
EndGlobal
